#MicroXplorer Configuration settings - do not modify
ADC1.Channel-0\#ChannelRegularConversion=ADC_CHANNEL_1
ADC1.CommonPathInternal=ADC_INTERNAL_NONE
ADC1.IPParameters=Rank-0\#ChannelRegularConversion,master,Channel-0\#ChannelRegularConversion,SingleDiff-0\#ChannelRegularConversion,SamplingTime-0\#ChannelRegularConversion,OffsetNumber-0\#ChannelRegularConversion,NbrOfConversionFlag,CommonPathInternal
ADC1.NbrOfConversionFlag=1
ADC1.OffsetNumber-0\#ChannelRegularConversion=ADC_OFFSET_NONE
ADC1.Rank-0\#ChannelRegularConversion=1
ADC1.SamplingTime-0\#ChannelRegularConversion=ADC_SAMPLETIME_1CYCLE_5
ADC1.SingleDiff-0\#ChannelRegularConversion=ADC_DIFFERENTIAL_ENDED
ADC1.master=1
ANA0.Locked=true
ANA0.Signal=ADCx_INN1
ANA1.Locked=true
ANA1.Signal=ADCx_INP1
BootLoader.IPs=DDR,RCC,IWDG2,TAMP,I2C4,SDMMC1,UART4,USB_OTG_HS,HASH1,FMC
BootROM.IPs=RCC,TAMP
CortexA7NS.IPs=IWDG2\:I,BSEC,DDR\:I,ETZPC,HSEM\:I,PWR,RCC\:I,RTC,TAMP\:I,DMA\:I,GIC,ETH1\:I,USBH_HS1\:I,FDCAN2\:I,I2C1\:I,SDMMC1\:I,UART4\:I,USART3\:I,USART1\:I,LTDC\:I,DCMI\:I,ADC1\:I,ADC2\:I,SPI1\:I,I2S1\:I,VREFBUF\:I,TIM5\:I,I2C4\:I,USB_OTG_HS\:I,IPCC,SAI2\:I,RNG1,HASH1\:I,FMC\:I,CRC1\:I,DMA1\:I,MDMA_A7NS\:I
CortexA7S.IPs=BSEC\:I,DDR,ETZPC\:I,HSEM,PWR\:I,RCC,RNG1\:I,RTC\:I,TAMP,GIC\:I,IWDG2,I2C4,MDMA_A7S\:I
CortexM4.IPs=IPCC\:I,ETZPC,FREERTOS\:I,HSEM,PWR,RCC,SYS\:I,DMA,NVIC\:I,OPENAMP\:I,DMA2\:I
DDR.ADDRESS_MAPPING=BRC
DDR.ADDRMAP1=0x00080808
DDR.ADDRMAP5=0x07070707
DDR.ADDRMAP6=0x0F070707
DDR.DDR_Frequency=533.0
DDR.DDR_PHY_CAL_SKIP=false
DDR.DFITMG0=0x02060105
DDR.IPParameters=DDR_Frequency,RL,addrmap_col_b10,addrmap_col_b11,addrmap_bank_b0,addrmap_bank_b1,addrmap_bank_b2,addrmap_row_b0,addrmap_row_b1,addrmap_row_b2_10,addrmap_row_b11,addrmap_row_b12,addrmap_row_b13,addrmap_row_b14,addrmap_row_b15,SCHED,RELAXED_TIMING_MODE,wr2pre,t_faw,t_ras_max,t_ras_min,t_xp,t_rd2pre,t_rp,t_rc,write_latency,read_latency,wr2rd,t_rcd,t_rrd,t_cksrx,t_cksre,t_ckesr,t_cke,t_xs_dll_x32,t_xs_x32,t_rfc_nom_x1_x32,t_rfc_min,dfi_t_rddata_en,dfi_tphy_wrlat,tdlllock,tdllsrst,tdinit1,tdinit0,tdinit2,tccd,trc,trrd,tras,trcd,trp,twtr,trtp,tmrd,trfc,tmod,tfaw,tdllk,tcke,txp,txs,MR0.WR,MR0.CL,MR2.RTT,MR2.CWL,TEMPERATURE_OVER_85C,tREFI,ADDRESS_MAPPING,ADDRMAP1,ADDRMAP5,ADDRMAP6,DFITMG0,rd2wr,DDR_PHY_CAL_SKIP
DDR.MR0.CL=4
DDR.MR0.WR=4
DDR.MR2.CWL=1
DDR.MR2.RTT=1
DDR.RELAXED_TIMING_MODE=false
DDR.RL=8
DDR.SCHED=0x00000C01
DDR.TEMPERATURE_OVER_85C=false
DDR.addrmap_bank_b0=22
DDR.addrmap_bank_b1=22
DDR.addrmap_bank_b2=22
DDR.addrmap_col_b10=31
DDR.addrmap_col_b11=31
DDR.addrmap_row_b0=4
DDR.addrmap_row_b1=4
DDR.addrmap_row_b11=4
DDR.addrmap_row_b12=4
DDR.addrmap_row_b13=4
DDR.addrmap_row_b14=15
DDR.addrmap_row_b15=15
DDR.addrmap_row_b2_10=4
DDR.dfi_t_rddata_en=6
DDR.dfi_tphy_wrlat=5
DDR.rd2wr=9
DDR.read_latency=8
DDR.tREFI=7.8
DDR.t_cke=3
DDR.t_ckesr=4
DDR.t_cksre=6
DDR.t_cksrx=6
DDR.t_faw=27
DDR.t_ras_max=36
DDR.t_ras_min=20
DDR.t_rc=28
DDR.t_rcd=8
DDR.t_rd2pre=4
DDR.t_rfc_min=139
DDR.t_rfc_nom_x1_x32=129
DDR.t_rp=8
DDR.t_rrd=6
DDR.t_xp=10
DDR.t_xs_dll_x32=16
DDR.t_xs_x32=5
DDR.tccd=0
DDR.tcke=4
DDR.tdinit0=266500
DDR.tdinit1=144
DDR.tdinit2=106600
DDR.tdllk=512
DDR.tdlllock=2729
DDR.tdllsrst=27
DDR.tfaw=27
DDR.tmod=0
DDR.tmrd=0
DDR.tras=20
DDR.trc=28
DDR.trcd=8
DDR.trfc=139
DDR.trp=8
DDR.trrd=6
DDR.trtp=4
DDR.twtr=6
DDR.txp=13
DDR.txs=512
DDR.wr2pre=18
DDR.wr2rd=15
DDR.write_latency=6
DDR_A0.Locked=true
DDR_A0.Mode=DDR3
DDR_A0.Signal=DDR_A0
DDR_A1.Locked=true
DDR_A1.Mode=DDR3
DDR_A1.Signal=DDR_A1
DDR_A10.Locked=true
DDR_A10.Mode=DDR3
DDR_A10.Signal=DDR_A10
DDR_A11.Locked=true
DDR_A11.Mode=DDR3
DDR_A11.Signal=DDR_A11
DDR_A12.Locked=true
DDR_A12.Mode=4Gb_32bits
DDR_A12.Signal=DDR_A12
DDR_A13.Locked=true
DDR_A13.Mode=4Gb_32bits
DDR_A13.Signal=DDR_A13
DDR_A14.Locked=true
DDR_A14.Signal=DDR_A14
DDR_A2.Locked=true
DDR_A2.Mode=DDR3
DDR_A2.Signal=DDR_A2
DDR_A3.Locked=true
DDR_A3.Mode=DDR3
DDR_A3.Signal=DDR_A3
DDR_A4.Locked=true
DDR_A4.Mode=DDR3
DDR_A4.Signal=DDR_A4
DDR_A5.Locked=true
DDR_A5.Mode=DDR3
DDR_A5.Signal=DDR_A5
DDR_A6.Locked=true
DDR_A6.Mode=DDR3
DDR_A6.Signal=DDR_A6
DDR_A7.Locked=true
DDR_A7.Mode=DDR3
DDR_A7.Signal=DDR_A7
DDR_A8.Locked=true
DDR_A8.Mode=DDR3
DDR_A8.Signal=DDR_A8
DDR_A9.Locked=true
DDR_A9.Mode=DDR3
DDR_A9.Signal=DDR_A9
DDR_ATO.Locked=true
DDR_ATO.Mode=DDR3
DDR_ATO.Signal=DDR_ATO
DDR_BA0.Locked=true
DDR_BA0.Mode=DDR3
DDR_BA0.Signal=DDR_BA0
DDR_BA1.Locked=true
DDR_BA1.Mode=DDR3
DDR_BA1.Signal=DDR_BA1
DDR_BA2.Locked=true
DDR_BA2.Mode=DDR3
DDR_BA2.Signal=DDR_BA2
DDR_CASN.Locked=true
DDR_CASN.Mode=DDR3
DDR_CASN.Signal=DDR_CASN
DDR_CKE.Locked=true
DDR_CKE.Mode=DDR3
DDR_CKE.Signal=DDR_CKE
DDR_CLKN.Locked=true
DDR_CLKN.Mode=DDR3
DDR_CLKN.Signal=DDR_CLKN
DDR_CLKP.Locked=true
DDR_CLKP.Mode=DDR3
DDR_CLKP.Signal=DDR_CLKP
DDR_CSN.Locked=true
DDR_CSN.Mode=DDR3
DDR_CSN.Signal=DDR_CSN
DDR_DQ0.Locked=true
DDR_DQ0.Mode=DDR3
DDR_DQ0.Signal=DDR_DQ0
DDR_DQ1.Locked=true
DDR_DQ1.Mode=DDR3
DDR_DQ1.Signal=DDR_DQ1
DDR_DQ10.Locked=true
DDR_DQ10.Mode=DDR3
DDR_DQ10.Signal=DDR_DQ10
DDR_DQ11.Locked=true
DDR_DQ11.Mode=DDR3
DDR_DQ11.Signal=DDR_DQ11
DDR_DQ12.Locked=true
DDR_DQ12.Mode=DDR3
DDR_DQ12.Signal=DDR_DQ12
DDR_DQ13.Locked=true
DDR_DQ13.Mode=DDR3
DDR_DQ13.Signal=DDR_DQ13
DDR_DQ14.Locked=true
DDR_DQ14.Mode=DDR3
DDR_DQ14.Signal=DDR_DQ14
DDR_DQ15.Locked=true
DDR_DQ15.Mode=DDR3
DDR_DQ15.Signal=DDR_DQ15
DDR_DQ16.Locked=true
DDR_DQ16.Mode=32bits
DDR_DQ16.Signal=DDR_DQ16
DDR_DQ17.Locked=true
DDR_DQ17.Mode=32bits
DDR_DQ17.Signal=DDR_DQ17
DDR_DQ18.Locked=true
DDR_DQ18.Mode=32bits
DDR_DQ18.Signal=DDR_DQ18
DDR_DQ19.Locked=true
DDR_DQ19.Mode=32bits
DDR_DQ19.Signal=DDR_DQ19
DDR_DQ2.Locked=true
DDR_DQ2.Mode=DDR3
DDR_DQ2.Signal=DDR_DQ2
DDR_DQ20.Locked=true
DDR_DQ20.Mode=32bits
DDR_DQ20.Signal=DDR_DQ20
DDR_DQ21.Locked=true
DDR_DQ21.Mode=32bits
DDR_DQ21.Signal=DDR_DQ21
DDR_DQ22.Locked=true
DDR_DQ22.Mode=32bits
DDR_DQ22.Signal=DDR_DQ22
DDR_DQ23.Locked=true
DDR_DQ23.Mode=32bits
DDR_DQ23.Signal=DDR_DQ23
DDR_DQ24.Locked=true
DDR_DQ24.Mode=32bits
DDR_DQ24.Signal=DDR_DQ24
DDR_DQ25.Locked=true
DDR_DQ25.Mode=32bits
DDR_DQ25.Signal=DDR_DQ25
DDR_DQ26.Locked=true
DDR_DQ26.Mode=32bits
DDR_DQ26.Signal=DDR_DQ26
DDR_DQ27.Locked=true
DDR_DQ27.Mode=32bits
DDR_DQ27.Signal=DDR_DQ27
DDR_DQ28.Locked=true
DDR_DQ28.Mode=32bits
DDR_DQ28.Signal=DDR_DQ28
DDR_DQ29.Locked=true
DDR_DQ29.Mode=32bits
DDR_DQ29.Signal=DDR_DQ29
DDR_DQ3.Locked=true
DDR_DQ3.Mode=DDR3
DDR_DQ3.Signal=DDR_DQ3
DDR_DQ30.Locked=true
DDR_DQ30.Mode=32bits
DDR_DQ30.Signal=DDR_DQ30
DDR_DQ31.Locked=true
DDR_DQ31.Mode=32bits
DDR_DQ31.Signal=DDR_DQ31
DDR_DQ4.Locked=true
DDR_DQ4.Mode=DDR3
DDR_DQ4.Signal=DDR_DQ4
DDR_DQ5.Locked=true
DDR_DQ5.Mode=DDR3
DDR_DQ5.Signal=DDR_DQ5
DDR_DQ6.Locked=true
DDR_DQ6.Mode=DDR3
DDR_DQ6.Signal=DDR_DQ6
DDR_DQ7.Locked=true
DDR_DQ7.Mode=DDR3
DDR_DQ7.Signal=DDR_DQ7
DDR_DQ8.Locked=true
DDR_DQ8.Mode=DDR3
DDR_DQ8.Signal=DDR_DQ8
DDR_DQ9.Locked=true
DDR_DQ9.Mode=DDR3
DDR_DQ9.Signal=DDR_DQ9
DDR_DQM0.Locked=true
DDR_DQM0.Mode=DDR3
DDR_DQM0.Signal=DDR_DQM0
DDR_DQM1.Locked=true
DDR_DQM1.Mode=DDR3
DDR_DQM1.Signal=DDR_DQM1
DDR_DQM2.Locked=true
DDR_DQM2.Mode=32bits
DDR_DQM2.Signal=DDR_DQM2
DDR_DQM3.Locked=true
DDR_DQM3.Mode=32bits
DDR_DQM3.Signal=DDR_DQM3
DDR_DQS0N.Locked=true
DDR_DQS0N.Mode=DDR3
DDR_DQS0N.Signal=DDR_DQS0N
DDR_DQS0P.Locked=true
DDR_DQS0P.Mode=DDR3
DDR_DQS0P.Signal=DDR_DQS0P
DDR_DQS1N.Locked=true
DDR_DQS1N.Mode=DDR3
DDR_DQS1N.Signal=DDR_DQS1N
DDR_DQS1P.Locked=true
DDR_DQS1P.Mode=DDR3
DDR_DQS1P.Signal=DDR_DQS1P
DDR_DQS2N.Locked=true
DDR_DQS2N.Mode=32bits
DDR_DQS2N.Signal=DDR_DQS2N
DDR_DQS2P.Locked=true
DDR_DQS2P.Mode=32bits
DDR_DQS2P.Signal=DDR_DQS2P
DDR_DQS3N.Locked=true
DDR_DQS3N.Mode=32bits
DDR_DQS3N.Signal=DDR_DQS3N
DDR_DQS3P.Locked=true
DDR_DQS3P.Mode=32bits
DDR_DQS3P.Signal=DDR_DQS3P
DDR_DTO0.Locked=true
DDR_DTO0.Mode=DDR3
DDR_DTO0.Signal=DDR_DTO0
DDR_DTO1.Locked=true
DDR_DTO1.Mode=DDR3
DDR_DTO1.Signal=DDR_DTO1
DDR_ODT.Locked=true
DDR_ODT.Mode=DDR3
DDR_ODT.Signal=DDR_ODT
DDR_RASN.Locked=true
DDR_RASN.Mode=DDR3
DDR_RASN.Signal=DDR_RASN
DDR_RESETN.Locked=true
DDR_RESETN.Mode=DDR3
DDR_RESETN.Signal=DDR_RESETN
DDR_VREF.Locked=true
DDR_VREF.Mode=DDR3
DDR_VREF.Signal=DDR_VREF
DDR_WEN.Locked=true
DDR_WEN.Mode=DDR3
DDR_WEN.Signal=DDR_WEN
DDR_ZQ.Locked=true
DDR_ZQ.Mode=DDR3
DDR_ZQ.Signal=DDR_ZQ
Dma.DCMI.2.Direction=DMA_PERIPH_TO_MEMORY
Dma.DCMI.2.EventEnable=DISABLE
Dma.DCMI.2.FIFOMode=DMA_FIFOMODE_DISABLE
Dma.DCMI.2.Instance=DMA1_Stream0
Dma.DCMI.2.MDMA_Chaining=ENABLE
Dma.DCMI.2.Mandatory=DISABLE
Dma.DCMI.2.MemDataAlignment=DMA_MDATAALIGN_WORD
Dma.DCMI.2.MemInc=DMA_MINC_ENABLE
Dma.DCMI.2.Mode=DMA_NORMAL
Dma.DCMI.2.PeriphDataAlignment=DMA_PDATAALIGN_BYTE
Dma.DCMI.2.PeriphInc=DMA_PINC_DISABLE
Dma.DCMI.2.Polarity=HAL_DMAMUX_REQ_GEN_RISING
Dma.DCMI.2.Priority=DMA_PRIORITY_LOW
Dma.DCMI.2.RequestNumber=1
Dma.DCMI.2.RequestParameters=Instance,Direction,PeriphInc,MemInc,PeriphDataAlignment,MemDataAlignment,Mode,Priority,FIFOMode,SignalID,Polarity,RequestNumber,SyncSignalID,SyncPolarity,SyncEnable,EventEnable,SyncRequestNumber,MDMA_Chaining,Mandatory
Dma.DCMI.2.SignalID=NONE
Dma.DCMI.2.SyncEnable=DISABLE
Dma.DCMI.2.SyncPolarity=HAL_DMAMUX_SYNC_NO_EVENT
Dma.DCMI.2.SyncRequestNumber=1
Dma.DCMI.2.SyncSignalID=NONE
Dma.Request0=SAI2_A
Dma.Request1=SAI2_B
Dma.Request2=DCMI
Dma.RequestsNb=3
Dma.SAI2_A.0.Direction=DMA_PERIPH_TO_MEMORY
Dma.SAI2_A.0.EventEnable=DISABLE
Dma.SAI2_A.0.FIFOMode=DMA_FIFOMODE_DISABLE
Dma.SAI2_A.0.Instance=DMA1_Stream2
Dma.SAI2_A.0.MDMA_Chaining=ENABLE
Dma.SAI2_A.0.Mandatory=DISABLE
Dma.SAI2_A.0.MemDataAlignment=DMA_MDATAALIGN_WORD
Dma.SAI2_A.0.MemInc=DMA_MINC_ENABLE
Dma.SAI2_A.0.Mode=DMA_NORMAL
Dma.SAI2_A.0.PeriphDataAlignment=DMA_PDATAALIGN_WORD
Dma.SAI2_A.0.PeriphInc=DMA_PINC_DISABLE
Dma.SAI2_A.0.Polarity=HAL_DMAMUX_REQ_GEN_RISING
Dma.SAI2_A.0.Priority=DMA_PRIORITY_LOW
Dma.SAI2_A.0.RequestNumber=1
Dma.SAI2_A.0.RequestParameters=Instance,Direction,PeriphInc,MemInc,PeriphDataAlignment,MemDataAlignment,Mode,Priority,FIFOMode,SignalID,Polarity,RequestNumber,SyncSignalID,SyncPolarity,SyncEnable,EventEnable,SyncRequestNumber,MDMA_Chaining,Mandatory
Dma.SAI2_A.0.SignalID=NONE
Dma.SAI2_A.0.SyncEnable=DISABLE
Dma.SAI2_A.0.SyncPolarity=HAL_DMAMUX_SYNC_NO_EVENT
Dma.SAI2_A.0.SyncRequestNumber=1
Dma.SAI2_A.0.SyncSignalID=NONE
Dma.SAI2_B.1.Direction=DMA_MEMORY_TO_PERIPH
Dma.SAI2_B.1.EventEnable=DISABLE
Dma.SAI2_B.1.FIFOMode=DMA_FIFOMODE_DISABLE
Dma.SAI2_B.1.Instance=DMA1_Stream1
Dma.SAI2_B.1.MDMA_Chaining=ENABLE
Dma.SAI2_B.1.Mandatory=DISABLE
Dma.SAI2_B.1.MemDataAlignment=DMA_MDATAALIGN_WORD
Dma.SAI2_B.1.MemInc=DMA_MINC_ENABLE
Dma.SAI2_B.1.Mode=DMA_NORMAL
Dma.SAI2_B.1.PeriphDataAlignment=DMA_PDATAALIGN_WORD
Dma.SAI2_B.1.PeriphInc=DMA_PINC_DISABLE
Dma.SAI2_B.1.Polarity=HAL_DMAMUX_REQ_GEN_RISING
Dma.SAI2_B.1.Priority=DMA_PRIORITY_LOW
Dma.SAI2_B.1.RequestNumber=1
Dma.SAI2_B.1.RequestParameters=Instance,Direction,PeriphInc,MemInc,PeriphDataAlignment,MemDataAlignment,Mode,Priority,FIFOMode,SignalID,Polarity,RequestNumber,SyncSignalID,SyncPolarity,SyncEnable,EventEnable,SyncRequestNumber,MDMA_Chaining,Mandatory
Dma.SAI2_B.1.SignalID=NONE
Dma.SAI2_B.1.SyncEnable=DISABLE
Dma.SAI2_B.1.SyncPolarity=HAL_DMAMUX_SYNC_NO_EVENT
Dma.SAI2_B.1.SyncRequestNumber=1
Dma.SAI2_B.1.SyncSignalID=NONE
File.Version=6
GIC.ADC1_IRQn=true\:false\:High level
GIC.DCMI_IRQn=true\:false\:High level
GIC.DMA1_Stream0_IRQn=true\:false\:High level
GIC.DMA1_Stream1_IRQn=true\:false\:High level
GIC.DMA1_Stream2_IRQn=true\:false\:High level
GIC.DMA1_Stream3_IRQn=true\:false\:High level
GIC.DMA1_Stream4_IRQn=true\:false\:High level
GIC.DMA1_Stream5_IRQn=true\:false\:High level
GIC.DMA1_Stream6_IRQn=true\:false\:High level
GIC.DMA1_Stream7_IRQn=true\:false\:High level
GIC.ETH1_IRQn=true\:false\:High level
GIC.ETH1_WKUP_IRQn=true\:false\:High level
GIC.FDCAN2_IT0_IRQn=true\:false\:High level
GIC.FDCAN2_IT1_IRQn=true\:false\:High level
GIC.FMC_IRQn=true\:false\:High level
GIC.HASH1_IRQn=true\:false\:High level
GIC.I2C1_ER_IRQn=true\:false\:High level
GIC.I2C1_EV_IRQn=true\:false\:High level
GIC.I2C4_ER_IRQn=true\:false\:High level
GIC.I2C4_EV_IRQn=true\:false\:High level
GIC.IPCC_RX0_IRQn=true\:false\:High level
GIC.IPCC_TX0_IRQn=true\:false\:High level
GIC.LTDC_ER_IRQn=true\:false\:High level
GIC.LTDC_IRQn=true\:false\:High level
GIC.MDMA_IRQn=true\:false\:High level
GIC.OTG_IRQn=true\:false\:High level
GIC.RCC_IRQn=true\:false\:High level
GIC.RTC_WKUP_ALARM_IRQn=true\:false\:High level
GIC.SAI2_IRQn=true\:false\:High level
GIC.SDMMC1_IRQn=true\:false\:High level
GIC.SPI1_IRQn=true\:false\:High level
GIC.UART4_IRQn=true\:false\:High level
GIC.USART1_IRQn=true\:false\:High level
GIC.USART3_IRQn=true\:false\:High level
GIC.USBH_OHCI_IRQn=true\:false\:High level
GIC.WAKEUP_PIN_IRQn=true\:false\:High level
GPIO.groupedBy=Group By Peripherals
KeepUserPlacement=true
Mcu.Context0=BootROM
Mcu.Context1=BootLoader
Mcu.Context2=CortexA7S
Mcu.Context3=CortexA7NS
Mcu.Context4=CortexM4
Mcu.ContextNb=5
Mcu.Family=STM32MP1
Mcu.IP0=ADC1
Mcu.IP1=BSEC
Mcu.IP10=GIC
Mcu.IP11=HASH1
Mcu.IP12=HSEM
Mcu.IP13=I2C1
Mcu.IP14=I2C4
Mcu.IP15=IPCC
Mcu.IP16=IWDG2
Mcu.IP17=LTDC
Mcu.IP18=MDMA
Mcu.IP19=NVIC
Mcu.IP2=CRC1
Mcu.IP20=OPENAMP
Mcu.IP21=PWR
Mcu.IP22=RCC
Mcu.IP23=RNG1
Mcu.IP24=RTC
Mcu.IP25=SAI2
Mcu.IP26=SDMMC1
Mcu.IP27=SPI1
Mcu.IP28=SYS
Mcu.IP29=TAMP
Mcu.IP3=DCMI
Mcu.IP30=TIM5
Mcu.IP31=UART4
Mcu.IP32=USART1
Mcu.IP33=USART3
Mcu.IP34=USBH_HS1
Mcu.IP35=USB_OTG_HS
Mcu.IP36=VREFBUF
Mcu.IP4=DDR
Mcu.IP5=DMA
Mcu.IP6=ETH1
Mcu.IP7=ETZPC
Mcu.IP8=FDCAN2
Mcu.IP9=FMC
Mcu.IPNb=37
Mcu.Name=STM32MP153AACx
Mcu.Package=TFBGA361
Mcu.Pin0=PE13
Mcu.Pin1=PE11
Mcu.Pin10=PH12
Mcu.Pin100=DDR_CSN
Mcu.Pin101=PA13
Mcu.Pin102=DDR_CASN
Mcu.Pin103=DDR_RASN
Mcu.Pin104=DDR_CLKP
Mcu.Pin105=DDR_CLKN
Mcu.Pin106=PH0-OSC_IN
Mcu.Pin107=PH1-OSC_OUT
Mcu.Pin108=PI11
Mcu.Pin109=DDR_A1
Mcu.Pin11=PH4
Mcu.Pin110=DDR_A12
Mcu.Pin111=DDR_A11
Mcu.Pin112=DDR_A14
Mcu.Pin113=DDR_A10
Mcu.Pin114=PI10
Mcu.Pin115=PA14
Mcu.Pin116=DDR_CKE
Mcu.Pin117=DDR_DQ8
Mcu.Pin118=DDR_DQ10
Mcu.Pin119=DDR_DQ13
Mcu.Pin12=PE12
Mcu.Pin120=PF3
Mcu.Pin121=ANA0
Mcu.Pin122=ANA1
Mcu.Pin123=DDR_BA1
Mcu.Pin124=DDR_DQ9
Mcu.Pin125=DDR_DQS1P
Mcu.Pin126=DDR_DQS1N
Mcu.Pin127=DDR_A4
Mcu.Pin128=DDR_DQM1
Mcu.Pin129=PG1
Mcu.Pin13=PD4
Mcu.Pin130=PH7
Mcu.Pin131=DDR_A6
Mcu.Pin132=DDR_DQ11
Mcu.Pin133=DDR_DQ14
Mcu.Pin134=DDR_DQ12
Mcu.Pin135=PE2
Mcu.Pin136=PC2
Mcu.Pin137=PB10
Mcu.Pin138=PF15
Mcu.Pin139=PG5
Mcu.Pin14=PD0
Mcu.Pin140=PG11
Mcu.Pin141=PB5
Mcu.Pin142=PF11
Mcu.Pin143=PH6
Mcu.Pin144=PF10
Mcu.Pin145=PG9
Mcu.Pin146=PB6
Mcu.Pin147=PE10
Mcu.Pin148=PB2
Mcu.Pin149=PA10
Mcu.Pin15=PD1
Mcu.Pin150=PD12
Mcu.Pin151=DDR_ATO
Mcu.Pin152=DDR_A8
Mcu.Pin153=DDR_DQ15
Mcu.Pin154=DDR_DQ25
Mcu.Pin155=DDR_DQ24
Mcu.Pin156=PG14
Mcu.Pin157=PG13
Mcu.Pin158=PH3
Mcu.Pin159=PA1
Mcu.Pin16=PB9
Mcu.Pin160=PC1
Mcu.Pin161=PB1
Mcu.Pin162=PE9
Mcu.Pin163=PB13
Mcu.Pin164=PE7
Mcu.Pin165=PF6
Mcu.Pin166=PF9
Mcu.Pin167=PA11
Mcu.Pin168=DDR_DQM3
Mcu.Pin169=DDR_DQ31
Mcu.Pin17=PC7
Mcu.Pin170=DDR_DQ30
Mcu.Pin171=PB11
Mcu.Pin172=PG4
Mcu.Pin173=PA0
Mcu.Pin174=PH2
Mcu.Pin175=PC0
Mcu.Pin176=PB0
Mcu.Pin177=PC5
Mcu.Pin178=PA7
Mcu.Pin179=PB8
Mcu.Pin18=PB15
Mcu.Pin180=PG10
Mcu.Pin181=PF7
Mcu.Pin182=USB_DM2
Mcu.Pin183=USB_DM1
Mcu.Pin184=PA12
Mcu.Pin185=DDR_DQ27
Mcu.Pin186=DDR_DQ26
Mcu.Pin187=DDR_DQS3P
Mcu.Pin188=DDR_DQS3N
Mcu.Pin189=PA2
Mcu.Pin19=PB4
Mcu.Pin190=PF14
Mcu.Pin191=PB12
Mcu.Pin192=PC4
Mcu.Pin193=PA6
Mcu.Pin194=PD11
Mcu.Pin195=PF8
Mcu.Pin196=PE8
Mcu.Pin197=PG7
Mcu.Pin198=USB_DP2
Mcu.Pin199=USB_DP1
Mcu.Pin2=PD5
Mcu.Pin20=PC6
Mcu.Pin200=OTG_VBUS
Mcu.Pin201=DDR_VREF
Mcu.Pin202=DDR_DQ29
Mcu.Pin203=DDR_DQ28
Mcu.Pin204=VP_BSEC_VS_BSEC
Mcu.Pin205=VP_CRC1_VS_CRC
Mcu.Pin206=VP_DDR_DDR3
Mcu.Pin207=VP_DDR_DDR_32_bits
Mcu.Pin208=VP_DDR_DDR3_32_4Gb
Mcu.Pin209=VP_ETZPC_VS_ETZPC
Mcu.Pin21=DDR_DQ19
Mcu.Pin210=VP_HASH1_VS_HASH
Mcu.Pin211=VP_HSEM_VS_HSEM
Mcu.Pin212=VP_IPCC_VS_IPCC
Mcu.Pin213=VP_IWDG2_VS_IWDG
Mcu.Pin214=VP_OPENAMP_VS_OPENAMP
Mcu.Pin215=VP_RNG1_VS_RNG
Mcu.Pin216=VP_RTC_VS_RTC_Activate
Mcu.Pin217=VP_SYS_VS_Systick
Mcu.Pin218=VP_TAMP_VS_TAMP_Activate
Mcu.Pin219=VP_VREFBUF_VS_VREFBUF
Mcu.Pin22=DDR_DQ16
Mcu.Pin220=VP_DMA_VS_DMA1_A7NS
Mcu.Pin221=VP_DMA_VS_DMA2_M4
Mcu.Pin222=VP_MDMA_VS_MDMA_A7NS_8
Mcu.Pin23=DDR_DQS2N
Mcu.Pin24=PI0
Mcu.Pin25=PH10
Mcu.Pin26=PH14
Mcu.Pin27=PH11
Mcu.Pin28=PH9
Mcu.Pin29=PE1
Mcu.Pin3=PA9
Mcu.Pin30=PE3
Mcu.Pin31=PE6
Mcu.Pin32=PE5
Mcu.Pin33=PB14
Mcu.Pin34=DDR_DQS2P
Mcu.Pin35=DDR_DQM2
Mcu.Pin36=PH13
Mcu.Pin37=PD6
Mcu.Pin38=PE15
Mcu.Pin39=PH8
Mcu.Pin4=PG6
Mcu.Pin40=PE0
Mcu.Pin41=PB7
Mcu.Pin42=PD2
Mcu.Pin43=PC12
Mcu.Pin44=PD3
Mcu.Pin45=PC10
Mcu.Pin46=PC11
Mcu.Pin47=PC9
Mcu.Pin48=PC8
Mcu.Pin49=DDR_RESETN
Mcu.Pin5=PB3
Mcu.Pin50=DDR_DQ22
Mcu.Pin51=DDR_DQ17
Mcu.Pin52=DDR_DQ18
Mcu.Pin53=PI2
Mcu.Pin54=PI1
Mcu.Pin55=PI4
Mcu.Pin56=DDR_A7
Mcu.Pin57=DDR_DQ3
Mcu.Pin58=DDR_DQ0
Mcu.Pin59=DDR_DQ21
Mcu.Pin6=PA8
Mcu.Pin60=PI7
Mcu.Pin61=PI5
Mcu.Pin62=PI6
Mcu.Pin63=DDR_A13
Mcu.Pin64=DDR_DQ1
Mcu.Pin65=PZ1
Mcu.Pin66=PZ4
Mcu.Pin67=PZ0
Mcu.Pin68=DDR_A9
Mcu.Pin69=DDR_DQ7
Mcu.Pin7=DDR_DQ20
Mcu.Pin70=DDR_DQS0P
Mcu.Pin71=DDR_DQS0N
Mcu.Pin72=PZ6
Mcu.Pin73=PZ5
Mcu.Pin74=PI9
Mcu.Pin75=DDR_A5
Mcu.Pin76=DDR_DQ2
Mcu.Pin77=DDR_DQ6
Mcu.Pin78=DDR_DQM0
Mcu.Pin79=PD15
Mcu.Pin8=DDR_DQ23
Mcu.Pin80=PZ7
Mcu.Pin81=PZ2
Mcu.Pin82=DDR_A2
Mcu.Pin83=DDR_DQ4
Mcu.Pin84=DDR_DQ5
Mcu.Pin85=PC13
Mcu.Pin86=PD8
Mcu.Pin87=PG12
Mcu.Pin88=DDR_DTO0
Mcu.Pin89=DDR_A3
Mcu.Pin9=PH15
Mcu.Pin90=DDR_ZQ
Mcu.Pin91=PC15-OSC32_OUT
Mcu.Pin92=PC14-OSC32_IN
Mcu.Pin93=PD14
Mcu.Pin94=DDR_A0
Mcu.Pin95=DDR_DTO1
Mcu.Pin96=DDR_ODT
Mcu.Pin97=DDR_BA0
Mcu.Pin98=DDR_WEN
Mcu.Pin99=DDR_BA2
Mcu.PinsNb=223
Mcu.ThirdPartyNb=0
Mcu.UserConstants=
Mcu.UserName=STM32MP153AACx
Mdma.MDMA_Channel16.FMC_DATA.0.BlockCount=0
Mdma.MDMA_Channel16.FMC_DATA.0.BlockDataLength=0
Mdma.MDMA_Channel16.FMC_DATA.0.BufferTransferLength=1
Mdma.MDMA_Channel16.FMC_DATA.0.CircularMode=MDMA_LINEAR_LIST
Mdma.MDMA_Channel16.FMC_DATA.0.DataAlignment=MDMA_DATAALIGN_PACKENABLE
Mdma.MDMA_Channel16.FMC_DATA.0.DestBlockAddressOffset=0
Mdma.MDMA_Channel16.FMC_DATA.0.DestBurst=MDMA_DEST_BURST_SINGLE
Mdma.MDMA_Channel16.FMC_DATA.0.DestDataSize=MDMA_DEST_DATASIZE_BYTE
Mdma.MDMA_Channel16.FMC_DATA.0.DestinationInc=MDMA_DEST_INC_BYTE
Mdma.MDMA_Channel16.FMC_DATA.0.DstAddress=0
Mdma.MDMA_Channel16.FMC_DATA.0.Endianness=MDMA_LITTLE_ENDIANNESS_PRESERVE
Mdma.MDMA_Channel16.FMC_DATA.0.Instance=MDMA_Channel16
Mdma.MDMA_Channel16.FMC_DATA.0.Mandatory=DISABLE
Mdma.MDMA_Channel16.FMC_DATA.0.MaskAddress=0
Mdma.MDMA_Channel16.FMC_DATA.0.MaskData=0
Mdma.MDMA_Channel16.FMC_DATA.0.Priority=MDMA_PRIORITY_LOW
Mdma.MDMA_Channel16.FMC_DATA.0.Rank=First
Mdma.MDMA_Channel16.FMC_DATA.0.RequestParameters=Instance,CircularMode,TransferTriggerMode,Priority,Endianness,SourceInc,DestinationInc,SourceDataSize,DestDataSize,DataAlignment,BufferTransferLength,SourceBurst,DestBurst,SourceBlockAddressOffset,DestBlockAddressOffset,MaskAddress,MaskData,SrcAddress,DstAddress,BlockDataLength,BlockCount,Rank,Mandatory
Mdma.MDMA_Channel16.FMC_DATA.0.SourceBlockAddressOffset=0
Mdma.MDMA_Channel16.FMC_DATA.0.SourceBurst=MDMA_SOURCE_BURST_SINGLE
Mdma.MDMA_Channel16.FMC_DATA.0.SourceDataSize=MDMA_SRC_DATASIZE_BYTE
Mdma.MDMA_Channel16.FMC_DATA.0.SourceInc=MDMA_SRC_INC_BYTE
Mdma.MDMA_Channel16.FMC_DATA.0.SrcAddress=0
Mdma.MDMA_Channel16.FMC_DATA.0.TransferTriggerMode=MDMA_BUFFER_TRANSFER
Mdma.MDMA_Channel16.Request0=FMC_DATA
Mdma.MDMA_Channel16.RequestsNb=1
Mdma.MDMA_Channel17.FMC_ERROR.0.BlockCount=0
Mdma.MDMA_Channel17.FMC_ERROR.0.BlockDataLength=0
Mdma.MDMA_Channel17.FMC_ERROR.0.BufferTransferLength=1
Mdma.MDMA_Channel17.FMC_ERROR.0.CircularMode=MDMA_LINEAR_LIST
Mdma.MDMA_Channel17.FMC_ERROR.0.DataAlignment=MDMA_DATAALIGN_PACKENABLE
Mdma.MDMA_Channel17.FMC_ERROR.0.DestBlockAddressOffset=0
Mdma.MDMA_Channel17.FMC_ERROR.0.DestBurst=MDMA_DEST_BURST_SINGLE
Mdma.MDMA_Channel17.FMC_ERROR.0.DestDataSize=MDMA_DEST_DATASIZE_BYTE
Mdma.MDMA_Channel17.FMC_ERROR.0.DestinationInc=MDMA_DEST_INC_BYTE
Mdma.MDMA_Channel17.FMC_ERROR.0.DstAddress=0
Mdma.MDMA_Channel17.FMC_ERROR.0.Endianness=MDMA_LITTLE_ENDIANNESS_PRESERVE
Mdma.MDMA_Channel17.FMC_ERROR.0.Instance=MDMA_Channel17
Mdma.MDMA_Channel17.FMC_ERROR.0.Mandatory=DISABLE
Mdma.MDMA_Channel17.FMC_ERROR.0.MaskAddress=0
Mdma.MDMA_Channel17.FMC_ERROR.0.MaskData=0
Mdma.MDMA_Channel17.FMC_ERROR.0.Priority=MDMA_PRIORITY_LOW
Mdma.MDMA_Channel17.FMC_ERROR.0.Rank=First
Mdma.MDMA_Channel17.FMC_ERROR.0.RequestParameters=Instance,CircularMode,TransferTriggerMode,Priority,Endianness,SourceInc,DestinationInc,SourceDataSize,DestDataSize,DataAlignment,BufferTransferLength,SourceBurst,DestBurst,SourceBlockAddressOffset,DestBlockAddressOffset,MaskAddress,MaskData,SrcAddress,DstAddress,BlockDataLength,BlockCount,Rank,Mandatory
Mdma.MDMA_Channel17.FMC_ERROR.0.SourceBlockAddressOffset=0
Mdma.MDMA_Channel17.FMC_ERROR.0.SourceBurst=MDMA_SOURCE_BURST_SINGLE
Mdma.MDMA_Channel17.FMC_ERROR.0.SourceDataSize=MDMA_SRC_DATASIZE_BYTE
Mdma.MDMA_Channel17.FMC_ERROR.0.SourceInc=MDMA_SRC_INC_BYTE
Mdma.MDMA_Channel17.FMC_ERROR.0.SrcAddress=0
Mdma.MDMA_Channel17.FMC_ERROR.0.TransferTriggerMode=MDMA_BUFFER_TRANSFER
Mdma.MDMA_Channel17.Request0=FMC_ERROR
Mdma.MDMA_Channel17.RequestsNb=1
Mdma.RequestSet0=MDMA_Channel16
Mdma.RequestSet1=MDMA_Channel17
Mdma.RequestSetsNb=2
MxCube.Version=6.4.0
MxDb.Version=DB.6.0.40
NVIC.BusFault_IRQn=true\:1\:0\:false\:false\:true\:false\:false
NVIC.DebugMonitor_IRQn=true\:1\:0\:false\:false\:true\:false\:false
NVIC.ForceEnableDMAVector=true
NVIC.HardFault_IRQn=true\:0\:0\:false\:false\:true\:false\:false
NVIC.IPCC_RX1_IRQn=true\:1\:0\:false\:false\:true\:true\:true
NVIC.IPCC_TX1_IRQn=true\:1\:0\:false\:false\:true\:true\:true
NVIC.MemoryManagement_IRQn=true\:1\:0\:false\:false\:true\:false\:false
NVIC.NonMaskableInt_IRQn=true\:0\:0\:false\:false\:true\:false\:false
NVIC.PendSV_IRQn=true\:1\:0\:false\:false\:true\:false\:false
NVIC.PriorityGroup=NVIC_PRIORITYGROUP_4
NVIC.RCC_WAKEUP_IRQn=true\:0\:0\:false\:false\:true\:false\:true
NVIC.SVCall_IRQn=true\:1\:0\:false\:false\:true\:false\:false
NVIC.SysTick_IRQn=true\:1\:0\:false\:false\:true\:false\:true
NVIC.UsageFault_IRQn=true\:1\:0\:false\:false\:true\:false\:false
OTG_VBUS.Locked=true
OTG_VBUS.Mode=Activate_VBUS_FS
OTG_VBUS.Signal=USB_OTG_HS_VBUS
PA0.Locked=true
PA0.Signal=GPXTI0
PA1.Locked=true
PA1.Mode=RGMII (Reduced GMII)
PA1.Signal=ETH1_RX_CLK
PA10.Locked=true
PA10.Mode=Ext_Phy_OTG/Dual-Role-Device
PA10.Signal=USB_OTG_HS_ID
PA11.Locked=true
PA11.Mode=CTS_RTS
PA11.Signal=USART1_CTS
PA12.Locked=true
PA12.Mode=CTS_RTS
PA12.Signal=USART1_RTS
PA13.GPIOParameters=GPIO_Label
PA13.GPIO_Label=InUserButtonS4
PA13.Locked=true
PA13.Signal=GPIO_Input
PA14.GPIOParameters=GPIO_Label
PA14.GPIO_Label=InUserButtonS5
PA14.Locked=true
PA14.Signal=GPIO_Input
PA2.Locked=true
PA2.Mode=RGMII (Reduced GMII)
PA2.Signal=ETH1_MDIO
PA6.Locked=true
PA6.Mode=Slave_10_bits_External_Synchro
PA6.Signal=DCMI_PIXCLK
PA7.Locked=true
PA7.Mode=RGMII (Reduced GMII)
PA7.Signal=ETH1_RX_CTL
PA8.Locked=true
PA8.Signal=SDMMC2_D4
PA9.Locked=true
PA9.Signal=SDMMC2_D5
PB0.Locked=true
PB0.Mode=RGB666
PB0.Signal=LTDC_R3
PB1.Locked=true
PB1.Mode=RGMII (Reduced GMII)
PB1.Signal=ETH1_RXD3
PB10.Locked=true
PB10.Mode=Asynchronous
PB10.Signal=USART3_TX
PB11.Locked=true
PB11.Mode=RGMII (Reduced GMII)
PB11.Signal=ETH1_TX_CTL
PB12.Locked=true
PB12.Mode=Asynchronous
PB12.Signal=USART3_RX
PB13.Locked=true
PB13.Mode=FDCAN_Activate
PB13.Signal=FDCAN2_TX
PB14.Locked=true
PB14.Signal=SDMMC2_D0
PB15.Locked=true
PB15.Signal=SDMMC2_D1
PB2.Locked=true
PB2.Mode=Asynchronous
PB2.Signal=UART4_RX
PB3.Locked=true
PB3.Signal=SDMMC2_D2
PB4.Locked=true
PB4.Signal=SDMMC2_D3
PB5.Locked=true
PB5.Mode=FDCAN_Activate
PB5.Signal=FDCAN2_RX
PB6.Locked=true
PB6.Signal=QUADSPI_BK1_NCS
PB7.Locked=true
PB7.Mode=Slave_10_bits_External_Synchro
PB7.Signal=DCMI_VSYNC
PB8.Locked=true
PB8.Mode=RGB666
PB8.Signal=LTDC_B6
PB9.Locked=true
PB9.Mode=Asynchronous
PB9.Signal=UART4_TX
PC0.Locked=true
PC0.Mode=SAI_B_MasterWithClock
PC0.Signal=SAI2_FS_B
PC1.Locked=true
PC1.Mode=RGMII (Reduced GMII)
PC1.Signal=ETH1_MDC
PC10.Locked=true
PC10.Mode=RGB666
PC10.Signal=LTDC_R2
PC11.Locked=true
PC11.Mode=SD_4_bits_Wide_bus
PC11.Signal=SDMMC1_D3
PC12.GPIOParameters=GPIO_Speed_High_Default
PC12.GPIO_Speed_High_Default=GPIO_SPEED_FREQ_HIGH
PC12.Locked=true
PC12.Mode=SD_4_bits_Wide_bus
PC12.Signal=SDMMC1_CK
PC13.Locked=true
PC13.Mode=WakeUp3
PC13.Signal=PWR_WKUP3
PC14-OSC32_IN.Locked=true
PC14-OSC32_IN.Mode=LSE-External-Oscillator
PC14-OSC32_IN.Signal=RCC_OSC32_IN
PC15-OSC32_OUT.Locked=true
PC15-OSC32_OUT.Mode=LSE-External-Oscillator
PC15-OSC32_OUT.Signal=RCC_OSC32_OUT
PC2.Locked=true
PC2.Mode=RGMII (Reduced GMII)
PC2.Signal=ETH1_TXD2
PC4.Locked=true
PC4.Mode=RGMII (Reduced GMII)
PC4.Signal=ETH1_RXD0
PC5.Locked=true
PC5.Mode=RGMII (Reduced GMII)
PC5.Signal=ETH1_RXD1
PC6.Locked=true
PC6.Signal=SDMMC2_D6
PC7.Locked=true
PC7.Mode=Slave_10_bits_External_Synchro
PC7.Signal=DCMI_D1
PC8.Locked=true
PC8.Mode=SD_4_bits_Wide_bus
PC8.Signal=SDMMC1_D0
PC9.Locked=true
PC9.Mode=SD_4_bits_Wide_bus
PC9.Signal=SDMMC1_D1
PD0.Locked=true
PD0.Signal=FMC_D2_DA2
PD1.Locked=true
PD1.Signal=FMC_D3_DA3
PD11.Locked=true
PD11.Signal=FMC_A16_CLE
PD12.Locked=true
PD12.Signal=FMC_A17_ALE
PD14.Locked=true
PD14.Signal=FMC_D0_DA0
PD15.Locked=true
PD15.Signal=FMC_D1_DA1
PD2.Locked=true
PD2.Mode=SD_4_bits_Wide_bus
PD2.Signal=SDMMC1_CMD
PD3.Locked=true
PD3.Signal=SDMMC2_D7
PD4.Locked=true
PD4.Signal=FMC_NOE
PD5.Locked=true
PD5.Signal=FMC_NWE
PD6.GPIOParameters=GPIO_PuPd
PD6.GPIO_PuPd=GPIO_PULLUP
PD6.Locked=true
PD6.Signal=FMC_NWAIT
PD8.Locked=true
PD8.Mode=RGB666
PD8.Signal=LTDC_B7
PE0.Locked=true
PE0.Mode=Slave_10_bits_External_Synchro
PE0.Signal=DCMI_D2
PE1.Locked=true
PE1.Mode=Slave_10_bits_External_Synchro
PE1.Signal=DCMI_D3
PE10.Locked=true
PE10.Signal=FMC_D7_DA7
PE11.Locked=true
PE11.Mode=RGB666
PE11.Signal=LTDC_G3
PE12.Locked=true
PE12.Mode=RGB666
PE12.Signal=LTDC_B4
PE13.Locked=true
PE13.Mode=RGB666
PE13.Signal=LTDC_DE
PE15.Locked=true
PE15.Mode=RGB666
PE15.Signal=LTDC_R7
PE2.Locked=true
PE2.Mode=RGMII (Reduced GMII)
PE2.Signal=ETH1_TXD3
PE3.Locked=true
PE3.Signal=SDMMC2_CK
PE5.Locked=true
PE5.Mode=Slave_10_bits_External_Synchro
PE5.Signal=DCMI_D6
PE6.Locked=true
PE6.Mode=SD_4_bits_Wide_bus
PE6.Signal=SDMMC1_D2
PE7.Locked=true
PE7.Signal=FMC_D4_DA4
PE8.Locked=true
PE8.Signal=FMC_D5_DA5
PE9.Locked=true
PE9.Signal=FMC_D6_DA6
PF10.Locked=true
PF10.Signal=QUADSPI_CLK
PF11.Locked=true
PF11.Mode=SAI_B_MasterWithClock
PF11.Signal=SAI2_SD_B
PF14.GPIOParameters=GPIO_Pu
PF14.GPIO_Pu=GPIO_PULLUP
PF14.Locked=true
PF14.Mode=I2C
PF14.Signal=I2C1_SCL
PF15.GPIOParameters=GPIO_Pu
PF15.GPIO_Pu=GPIO_PULLUP
PF15.Locked=true
PF15.Mode=I2C
PF15.Signal=I2C1_SDA
PF3.GPIOParameters=GPIO_Label
PF3.GPIO_Label=X_SD_DETECT
PF3.Locked=true
PF3.Signal=GPIO_Input
PF6.Locked=true
PF6.Signal=QUADSPI_BK1_IO3
PF7.Locked=true
PF7.Signal=QUADSPI_BK1_IO2
PF8.Locked=true
PF8.Signal=QUADSPI_BK1_IO0
PF9.Locked=true
PF9.Signal=QUADSPI_BK1_IO1
PG1.GPIOParameters=GPIO_Label
PG1.GPIO_Label=X_CAN_ENABLE
PG1.Locked=true
PG1.Signal=GPIO_Output
PG10.Locked=true
PG10.Mode=RGB666
PG10.Signal=LTDC_B2
PG11.Locked=true
PG11.Mode=RGB666
PG11.Signal=LTDC_B3
PG12.Locked=true
PG12.Mode=ETH PHY_INTN
PG12.Signal=ETH1_PHY_INTN
PG13.Locked=true
PG13.Mode=RGMII (Reduced GMII)
PG13.Signal=ETH1_TXD0
PG14.Locked=true
PG14.Mode=RGMII (Reduced GMII)
PG14.Signal=ETH1_TXD1
PG4.Locked=true
PG4.Mode=RGMII (Reduced GMII)
PG4.Signal=ETH1_GTX_CLK
PG5.Locked=true
PG5.Signal=ETH1_CLK125
PG6.Locked=true
PG6.Signal=SDMMC2_CMD
PG7.Locked=true
PG7.Mode=RGB666
PG7.Signal=LTDC_CLK
PG9.Locked=true
PG9.Mode=NandChipSelect3_1
PG9.Signal=FMC_NCE
PH0-OSC_IN.Locked=true
PH0-OSC_IN.Mode=HSE-External-Oscillator
PH0-OSC_IN.Signal=RCC_OSC_IN
PH1-OSC_OUT.Locked=true
PH1-OSC_OUT.Mode=HSE-External-Oscillator
PH1-OSC_OUT.Signal=RCC_OSC_OUT
PH10.Locked=true
PH10.Mode=RGB666
PH10.Signal=LTDC_R4
PH11.Locked=true
PH11.Mode=RGB666
PH11.Signal=LTDC_R5
PH12.Locked=true
PH12.Mode=RGB666
PH12.Signal=LTDC_R6
PH13.Locked=true
PH13.Mode=RGB666
PH13.Signal=LTDC_G2
PH14.Locked=true
PH14.Mode=Slave_10_bits_External_Synchro
PH14.Signal=DCMI_D4
PH15.Locked=true
PH15.Mode=RGB666
PH15.Signal=LTDC_G4
PH2.Locked=true
PH2.Mode=SAI_B_MasterWithClock
PH2.Signal=SAI2_SCK_B
PH3.Locked=true
PH3.Mode=SAI_B_MasterWithClock
PH3.Signal=SAI2_MCLK_B
PH4.Locked=true
PH4.Mode=RGB666
PH4.Signal=LTDC_G5
PH6.Locked=true
PH6.Mode=RGMII (Reduced GMII)
PH6.Signal=ETH1_RXD2
PH7.Locked=true
PH7.Mode=Slave_10_bits_External_Synchro
PH7.Signal=DCMI_D9
PH8.Locked=true
PH8.Mode=Slave_10_bits_External_Synchro
PH8.Signal=DCMI_HSYNC
PH9.Locked=true
PH9.Mode=Slave_10_bits_External_Synchro
PH9.Signal=DCMI_D0
PI0.Locked=true
PI0.Signal=S_TIM5_CH4
PI1.Locked=true
PI1.Mode=Slave_10_bits_External_Synchro
PI1.Signal=DCMI_D8
PI10.Locked=true
PI10.Mode=RGB666
PI10.Signal=LTDC_HSYNC
PI11.Locked=true
PI11.Mode=RGB666
PI11.Signal=LTDC_G6
PI2.Locked=true
PI2.Mode=RGB666
PI2.Signal=LTDC_G7
PI4.Locked=true
PI4.Mode=Slave_10_bits_External_Synchro
PI4.Signal=DCMI_D5
PI5.Locked=true
PI5.Mode=RGB666
PI5.Signal=LTDC_B5
PI6.Locked=true
PI6.Mode=SAI_A_SyncSlave
PI6.Signal=SAI2_SD_A
PI7.Locked=true
PI7.Mode=Slave_10_bits_External_Synchro
PI7.Signal=DCMI_D7
PI9.Locked=true
PI9.Mode=RGB666
PI9.Signal=LTDC_VSYNC
PZ0.Locked=true
PZ0.Mode=Full_Duplex_Master
PZ0.Signal=SPI1_SCK
PZ1.Locked=true
PZ1.Mode=Full_Duplex_Master
PZ1.Signal=SPI1_MISO
PZ2.Locked=true
PZ2.Mode=Full_Duplex_Master
PZ2.Signal=SPI1_MOSI
PZ4.Locked=true
PZ4.Mode=I2C
PZ4.Signal=I2C4_SCL
PZ5.Locked=true
PZ5.Mode=I2C
PZ5.Signal=I2C4_SDA
PZ6.Locked=true
PZ6.Mode=Asynchronous
PZ6.Signal=USART1_RX
PZ7.Locked=true
PZ7.Mode=Asynchronous
PZ7.Signal=USART1_TX
PinOutPanel.CurrentBGAView=Top
PinOutPanel.RotationAngle=0
ProjectManager.AskForMigrate=true
ProjectManager.BackupPrevious=false
ProjectManager.CompilerOptimize=6
ProjectManager.ComputerToolchain=false
ProjectManager.CoupleFile=false
ProjectManager.CustomerFirmwarePackage=
ProjectManager.DefaultFWLocation=true
ProjectManager.DeletePrevious=true
ProjectManager.DeviceId=STM32MP153AACx
ProjectManager.DeviceTreeLocation=
ProjectManager.FirmwarePackage=STM32Cube FW_MP1 V1.5.0
ProjectManager.FreePins=false
ProjectManager.HalAssertFull=false
ProjectManager.HeapSize=0x200
ProjectManager.KeepUserCode=true
ProjectManager.LastFirmware=true
ProjectManager.LibraryCopy=1
ProjectManager.MainLocation=Src
ProjectManager.NoMain=false
ProjectManager.PreviousToolchain=STM32CubeIDE
ProjectManager.ProjectBuild=false
ProjectManager.ProjectFileName=phycore-stm32mp1-6-7_phyboard-sargas.ioc
ProjectManager.ProjectName=phycore-stm32mp1-6-7_phyboard-sargas
ProjectManager.RegisterCallBack=
ProjectManager.StackSize=0x400
ProjectManager.TargetToolchain=STM32CubeIDE
ProjectManager.ToolChainLocation=
ProjectManager.UnderRoot=true
ProjectManager.functionlistsort=1-MX_GPIO_Init-GPIO-false-HAL-true,2-MX_DMA_Init-DMA-false-HAL-true,3-SystemClock_Config-RCC-false-HAL-false,4-MX_ETZPC_Init-ETZPC-false-HAL-true,5-MX_IPCC_Init-IPCC-false-HAL-true,6-MX_OPENAMP_Init-OPENAMP-false-HAL-false,0-MX_PWR_Init-PWR-false-HAL-true
RCC.ADCCLockSelection=RCC_ADCCLKSOURCE_PER
RCC.ADCFreq_Value=24000000
RCC.AHB1234Freq_Value=208877929.6875
RCC.APB1DIV=RCC_APB1_DIV2
RCC.APB1Freq_Value=104438964.84375
RCC.APB2DIV=RCC_APB2_DIV2
RCC.APB2Freq_Value=104438964.84375
RCC.APB3DIV=RCC_APB3_DIV2
RCC.APB3Freq_Value=104438964.84375
RCC.APB4DIV=RCC_APB4_DIV2
RCC.APB4Freq_Value=133250000
RCC.APB5DIV=RCC_APB5_DIV4
RCC.APB5DIVClockFreq_Value=66625000
RCC.AXICLKFreq_VALUE=266500000
RCC.AXICLKSource=RCC_AXISSOURCE_PLL2
RCC.AXIDIVFreq_Value=266500000
RCC.CECFreq_Value=32768
RCC.CKPERCLKFreq_VALUE=24000000
RCC.CKPERCLKSource=RCC_CKPERCLKSOURCE_HSE
RCC.CSI_VALUE=4000000
RCC.CortexFreq_Value=208877929.6875
RCC.DACCLKFreq_VALUE=32000
RCC.DDRCFreq_Value=533000000
RCC.DDRPERFMFreq_Value=533000000
RCC.DDRPHYFreq_Value=533000000
RCC.DFSDFAFreq_Value=62500000
RCC.DFSDMFreq_Value=208877929.6875
RCC.DIVM1=3
RCC.DIVM2=3
RCC.DIVM3=2
RCC.DIVM4=4
RCC.DIVN1=81
RCC.DIVN2=66
RCC.DIVN3=34
RCC.DIVN4=125
RCC.DIVP1Freq_Value=650000000
RCC.DIVP2Freq_Value=266500000
RCC.DIVP3Freq_Value=208877929.6875
RCC.DIVP4=6
RCC.DIVP4Freq_Value=125000000
RCC.DIVQ1Freq_Value=325000000
RCC.DIVQ2=1
RCC.DIVQ2Freq_Value=533000000
RCC.DIVQ3=17
RCC.DIVQ3Freq_Value=24573874.08088235
RCC.DIVQ4=12
RCC.DIVQ4Freq_Value=62500000
RCC.DIVR1Freq_Value=325000000
RCC.DIVR2=1
RCC.DIVR2Freq_Value=533000000
RCC.DIVR3=37
RCC.DIVR3Freq_Value=11290698.902027028
RCC.DIVR4=12
RCC.DIVR4Freq_Value=62500000
RCC.DSIFreq_Value=60000000
RCC.DSIPixelFreq_Value=62500000
RCC.DSITXEscFreq_Value=15000000
RCC.DSI_VALUE=60000000
RCC.ETHFreq_Value=125000000
RCC.EnableCSSLSE=true
RCC.FDCANFreq_Value=24000000
RCC.FMCFreq_Value=266500000
RCC.FamilyName=M
RCC.HSE_VALUE=24000000
RCC.HSIDivClkFreq_Value=64000000
RCC.HSI_VALUE=64000000
RCC.Hclk5DIVFreq_Value=266500000
RCC.Hclk6DIVFreq_Value=266500000
RCC.I2C12CLockSelection=RCC_I2C12CLKSOURCE_HSI
RCC.I2C12Freq_Value=64000000
RCC.I2C35Freq_Value=104438964.84375
RCC.I2C46CLockSelection=RCC_I2C46CLKSOURCE_HSI
RCC.I2C46Freq_Value=64000000
RCC.IPParameters=ADCCLockSelection,ADCFreq_Value,AHB1234Freq_Value,APB1DIV,APB1Freq_Value,APB2DIV,APB2Freq_Value,APB3DIV,APB3Freq_Value,APB4DIV,APB4Freq_Value,APB5DIV,APB5DIVClockFreq_Value,AXICLKFreq_VALUE,AXICLKSource,AXIDIVFreq_Value,CECFreq_Value,CKPERCLKFreq_VALUE,CKPERCLKSource,CSI_VALUE,CortexFreq_Value,DACCLKFreq_VALUE,DDRCFreq_Value,DDRPERFMFreq_Value,DDRPHYFreq_Value,DFSDFAFreq_Value,DFSDMFreq_Value,DIVM1,DIVM2,DIVM3,DIVM4,DIVN1,DIVN2,DIVN3,DIVN4,DIVP1Freq_Value,DIVP2Freq_Value,DIVP3Freq_Value,DIVP4,DIVP4Freq_Value,DIVQ1Freq_Value,DIVQ2,DIVQ2Freq_Value,DIVQ3,DIVQ3Freq_Value,DIVQ4,DIVQ4Freq_Value,DIVR1Freq_Value,DIVR2,DIVR2Freq_Value,DIVR3,DIVR3Freq_Value,DIVR4,DIVR4Freq_Value,DSIFreq_Value,DSIPixelFreq_Value,DSITXEscFreq_Value,DSI_VALUE,ETHFreq_Value,EnableCSSLSE,FDCANFreq_Value,FMCFreq_Value,FamilyName,HSE_VALUE,HSIDivClkFreq_Value,HSI_VALUE,Hclk5DIVFreq_Value,Hclk6DIVFreq_Value,I2C12CLockSelection,I2C12Freq_Value,I2C35Freq_Value,I2C46CLockSelection,I2C46Freq_Value,LPTIM1Freq_Value,LPTIM23Freq_Value,LPTIM45Freq_Value,LSI_VALUE,LTDCFreq_Value,MCO1PinFreq_Value,MCO2PinFreq_Value,MCUCLKFreq_VALUE,MCUCLKSource,MCUClockFreq_Value,MCUDIVCLKFreq_Value,MPUCLKFreq_VALUE,MPUCLKSource,PLL12Source,PLL1FRACV,PLL1UserDefinedConfig,PLL2FRACV,PLL3FRACV,PLL3Source,PLL4FRACV,PLL4PDSIFreq_Value,PLL4Source,PLLDSIFreq_Value,PLLDSIVCOFreq_Value,PUBLFreq_Value,QSPIFreq_Value,RCC_RTC_Clock_Source_FROM_HSE,RNG1CLockSelection,RNG1Freq_Value,RNG2Freq_Value,RTCClockSelection,RTCFreq_Value,SAI1Freq_Value,SAI2CLockSelection,SAI2Freq_Value,SAI3Freq_Value,SAI4Freq_Value,SDMMC12CLockSelection,SDMMC12Freq_Value,SDMMC3Freq_Value,SPDIFRXFreq_Value,SPI1CLockSelection,SPI1Freq_Value,SPI23Freq_Value,SPI45Freq_Value,SPI6Freq_Value,STGENCLockSelection,STGENFreq_Value,Tim1OutputFreq_Value,Tim2OutputFreq_Value,UART78Freq_Value,USART1CLockSelection,USART1Freq_Value,USART24CLockSelection,USART24Freq_Value,USART35CLockSelection,USART35Freq_Value,USART6Freq_Value,USBOCLKSource,USBOHSFreq_Value,USBPHYCLKSource,USBPHYFreq_Value,VCO1OutputFreq_Value,VCO2OutputFreq_Value,VCO3OutputFreq_Value,VCO4OutputFreq_Value,VCOInput1Freq_Value,VCOInput2Freq_Value,VCOInput3Freq_Value,VCOInput4Freq_Value
RCC.LPTIM1Freq_Value=104438964.84375
RCC.LPTIM23Freq_Value=104438964.84375
RCC.LPTIM45Freq_Value=104438964.84375
RCC.LSI_VALUE=32000
RCC.LTDCFreq_Value=62500000
RCC.MCO1PinFreq_Value=64000000
RCC.MCO2PinFreq_Value=650000000
RCC.MCUCLKFreq_VALUE=208877929.6875
RCC.MCUCLKSource=RCC_MCUSSOURCE_PLL3
RCC.MCUClockFreq_Value=208877929.6875
RCC.MCUDIVCLKFreq_Value=208877929.6875
RCC.MPUCLKFreq_VALUE=650000000
RCC.MPUCLKSource=RCC_MPUSOURCE_PLL1
RCC.PLL12Source=RCC_PLL12SOURCE_HSE
RCC.PLL1FRACV=2048
RCC.PLL1UserDefinedConfig=true
RCC.PLL2FRACV=5120
RCC.PLL3FRACV=6660
RCC.PLL3Source=RCC_PLL3SOURCE_HSE
RCC.PLL4FRACV=0
RCC.PLL4PDSIFreq_Value=125000000
RCC.PLL4Source=RCC_PLL4SOURCE_HSE
RCC.PLLDSIFreq_Value=480000000
RCC.PLLDSIVCOFreq_Value=960000000
RCC.PUBLFreq_Value=533000000
RCC.QSPIFreq_Value=266500000
RCC.RCC_RTC_Clock_Source_FROM_HSE=24
RCC.RNG1CLockSelection=RCC_RNG1CLKSOURCE_LSI
RCC.RNG1Freq_Value=32000
RCC.RNG2Freq_Value=4000000
RCC.RTCClockSelection=RCC_RTCCLKSOURCE_LSE
RCC.RTCFreq_Value=32768
RCC.SAI1Freq_Value=62500000
RCC.SAI2CLockSelection=RCC_SAI2CLKSOURCE_PLL3_Q
RCC.SAI2Freq_Value=24573874.08088235
RCC.SAI3Freq_Value=62500000
RCC.SAI4Freq_Value=62500000
RCC.SDMMC12CLockSelection=RCC_SDMMC12CLKSOURCE_PLL4
RCC.SDMMC12Freq_Value=125000000
RCC.SDMMC3Freq_Value=208877929.6875
RCC.SPDIFRXFreq_Value=125000000
RCC.SPI1CLockSelection=RCC_SPI1CLKSOURCE_PLL3_Q
RCC.SPI1Freq_Value=24573874.08088235
RCC.SPI23Freq_Value=125000000
RCC.SPI45Freq_Value=104438964.84375
RCC.SPI6Freq_Value=66625000
RCC.STGENCLockSelection=RCC_STGENCLKSOURCE_HSE
RCC.STGENFreq_Value=24000000
RCC.Tim1OutputFreq_Value=208877929.6875
RCC.Tim2OutputFreq_Value=208877929.6875
RCC.UART78Freq_Value=104438964.84375
RCC.USART1CLockSelection=RCC_USART1CLKSOURCE_HSI
RCC.USART1Freq_Value=64000000
RCC.USART24CLockSelection=RCC_UART24CLKSOURCE_HSI
RCC.USART24Freq_Value=64000000
RCC.USART35CLockSelection=RCC_UART35CLKSOURCE_HSI
RCC.USART35Freq_Value=64000000
RCC.USART6Freq_Value=104438964.84375
RCC.USBOCLKSource=RCC_USBOCLKSOURCE_PHY
RCC.USBOHSFreq_Value=48000000
RCC.USBPHYCLKSource=RCC_USBPHYCLKSOURCE_HSE
RCC.USBPHYFreq_Value=24000000
RCC.VCO1OutputFreq_Value=1300000000
RCC.VCO2OutputFreq_Value=1066000000
RCC.VCO3OutputFreq_Value=417755859.375
RCC.VCO4OutputFreq_Value=750000000
RCC.VCOInput1Freq_Value=8000000
RCC.VCOInput2Freq_Value=8000000
RCC.VCOInput3Freq_Value=12000000
RCC.VCOInput4Freq_Value=6000000
SAI2.ErrorAudioFreq-SAI_B_MasterWithClock=-50.0 %
SAI2.IPParameters=Instance-SAI_B_MasterWithClock,VirtualMode-SAI_B_MasterWithClock,MckOutput-SAI_B_MasterWithClock,RealAudioFreq-SAI_B_MasterWithClock,ErrorAudioFreq-SAI_B_MasterWithClock,Instance-SAI_A_SyncSlave,VirtualMode-SAI_A_SyncSlave
SAI2.Instance-SAI_A_SyncSlave=SAI$Index_Block_A
SAI2.Instance-SAI_B_MasterWithClock=SAI$Index_Block_B
SAI2.MckOutput-SAI_B_MasterWithClock=SAI_MCK_OUTPUT_ENABLE
SAI2.RealAudioFreq-SAI_B_MasterWithClock=95.991 KHz
SAI2.VirtualMode-SAI_A_SyncSlave=VM_SLAVE
SAI2.VirtualMode-SAI_B_MasterWithClock=VM_MASTER
SH.ADCx_INN1.0=ADC1_INN1,IN1-Differential
SH.ADCx_INN1.ConfNb=1
SH.ADCx_INP1.0=ADC1_INP1,IN1-Differential
SH.ADCx_INP1.ConfNb=1
SH.FMC_A16_CLE.0=FMC_CLE,8b-dmux1
SH.FMC_A16_CLE.ConfNb=1
SH.FMC_A17_ALE.0=FMC_ALE,8b-dmux1
SH.FMC_A17_ALE.ConfNb=1
SH.FMC_D0_DA0.0=FMC_D0,8b-dmux1
SH.FMC_D0_DA0.ConfNb=1
SH.FMC_D1_DA1.0=FMC_D1,8b-dmux1
SH.FMC_D1_DA1.ConfNb=1
SH.FMC_D2_DA2.0=FMC_D2,8b-dmux1
SH.FMC_D2_DA2.ConfNb=1
SH.FMC_D3_DA3.0=FMC_D3,8b-dmux1
SH.FMC_D3_DA3.ConfNb=1
SH.FMC_D4_DA4.0=FMC_D4,8b-dmux1
SH.FMC_D4_DA4.ConfNb=1
SH.FMC_D5_DA5.0=FMC_D5,8b-dmux1
SH.FMC_D5_DA5.ConfNb=1
SH.FMC_D6_DA6.0=FMC_D6,8b-dmux1
SH.FMC_D6_DA6.ConfNb=1
SH.FMC_D7_DA7.0=FMC_D7,8b-dmux1
SH.FMC_D7_DA7.ConfNb=1
SH.FMC_NOE.0=FMC_NOE,8b-dmux1
SH.FMC_NOE.ConfNb=1
SH.FMC_NWAIT.0=FMC_NWAIT,Wait1
SH.FMC_NWAIT.ConfNb=1
SH.FMC_NWE.0=FMC_NWE,8b-dmux1
SH.FMC_NWE.ConfNb=1
SH.GPXTI0.0=GPIO_EXTI0
SH.GPXTI0.ConfNb=1
SH.S_TIM5_CH4.0=TIM5_CH4,PWM Generation4 CH4
SH.S_TIM5_CH4.ConfNb=1
SPI1.CalculateBaudRate=6.143468 MBits/s
SPI1.Direction=SPI_DIRECTION_2LINES
SPI1.IPParameters=VirtualType,Mode,Direction,CalculateBaudRate
SPI1.Mode=SPI_MODE_MASTER
SPI1.VirtualType=VM_MASTER
TIM5.Channel-PWM\ Generation4\ CH4=TIM_CHANNEL_4
TIM5.IPParameters=Channel-PWM Generation4 CH4
USART1.IPParameters=VirtualMode-Asynchronous
USART1.VirtualMode-Asynchronous=VM_ASYNC
USART3.IPParameters=VirtualMode-Asynchronous
USART3.VirtualMode-Asynchronous=VM_ASYNC
USB_DM1.Locked=true
USB_DM1.Mode=Enable
USB_DM1.Signal=USBH_HS1_DM
USB_DM2.Locked=true
USB_DM2.Mode=Ext_Phy_OTG/Dual-Role-Device
USB_DM2.Signal=USB_OTG_HS_DM
USB_DP1.Locked=true
USB_DP1.Mode=Enable
USB_DP1.Signal=USBH_HS1_DP
USB_DP2.Locked=true
USB_DP2.Mode=Ext_Phy_OTG/Dual-Role-Device
USB_DP2.Signal=USB_OTG_HS_DP
VP_BSEC_VS_BSEC.Mode=BSEC_Activate
VP_BSEC_VS_BSEC.Signal=BSEC_VS_BSEC
VP_CRC1_VS_CRC.Mode=CRC_Activate
VP_CRC1_VS_CRC.Signal=CRC1_VS_CRC
VP_DDR_DDR3.Mode=DDR3
VP_DDR_DDR3.Signal=DDR_DDR3
VP_DDR_DDR3_32_4Gb.Mode=4Gb_32bits
VP_DDR_DDR3_32_4Gb.Signal=DDR_DDR3_32_4Gb
VP_DDR_DDR_32_bits.Mode=32bits
VP_DDR_DDR_32_bits.Signal=DDR_DDR_32_bits
VP_DMA_VS_DMA1_A7NS.Mode=CortexA7NS
VP_DMA_VS_DMA1_A7NS.Signal=DMA_VS_DMA1_A7NS
VP_DMA_VS_DMA2_M4.Mode=CortexM4
VP_DMA_VS_DMA2_M4.Signal=DMA_VS_DMA2_M4
VP_ETZPC_VS_ETZPC.Mode=ETZPC_Activate
VP_ETZPC_VS_ETZPC.Signal=ETZPC_VS_ETZPC
VP_HASH1_VS_HASH.Mode=HASH_Activate
VP_HASH1_VS_HASH.Signal=HASH1_VS_HASH
VP_HSEM_VS_HSEM.Mode=HSEM_Activate
VP_HSEM_VS_HSEM.Signal=HSEM_VS_HSEM
VP_IPCC_VS_IPCC.Mode=IPCC_Activate
VP_IPCC_VS_IPCC.Signal=IPCC_VS_IPCC
VP_IWDG2_VS_IWDG.Mode=IWDG_Activate
VP_IWDG2_VS_IWDG.Signal=IWDG2_VS_IWDG
VP_MDMA_VS_MDMA_A7NS_8.Mode=8\:8
VP_MDMA_VS_MDMA_A7NS_8.Signal=MDMA_VS_MDMA_A7NS_8
VP_OPENAMP_VS_OPENAMP.Mode=OpenAmp_Activated
VP_OPENAMP_VS_OPENAMP.Signal=OPENAMP_VS_OPENAMP
VP_RNG1_VS_RNG.Mode=RNG_Activate
VP_RNG1_VS_RNG.Signal=RNG1_VS_RNG
VP_RTC_VS_RTC_Activate.Mode=RTC_Enabled
VP_RTC_VS_RTC_Activate.Signal=RTC_VS_RTC_Activate
VP_SYS_VS_Systick.Mode=SysTick
VP_SYS_VS_Systick.Signal=SYS_VS_Systick
VP_TAMP_VS_TAMP_Activate.Mode=TAMP_Enabled
VP_TAMP_VS_TAMP_Activate.Signal=TAMP_VS_TAMP_Activate
VP_VREFBUF_VS_VREFBUF.Mode=VREFBUF_Activate
VP_VREFBUF_VS_VREFBUF.Signal=VREFBUF_VS_VREFBUF
board=STM32MP153A-PHYBOARD
